{
  "name": "homebridge-http-status",
  "version": "1.0.0",
  "lockfileVersion": 2,
  "requires": true,
  "packages": {
    "": {
      "name": "homebridge-http-status",
      "version": "1.0.0",
      "license": "MIT",
      "engines": {
        "homebridge": ">=0.4.20",
        "node": ">=8.0.0"
      }
    }
  }
}
